
Microsoft Visual Studio Solution File, Format Version 12.00
# Visual Studio Version 17
VisualStudioVersion = 17.8.34309.116
MinimumVisualStudioVersion = 10.0.40219.1
Project("{FAE04EC0-301F-11D3-BF4B-00C04F79EFBC}") = "AdventOfCode2023", "AdventOfCode2023\AdventOfCode2023.csproj", "{F5EEE922-8146-4744-B830-C983CC10211B}"
EndProject
Global
	GlobalSection(SolutionConfigurationPlatforms) = preSolution
		Debug|Any CPU = Debug|Any CPU
		Release|Any CPU = Release|Any CPU
	EndGlobalSection
	GlobalSection(ProjectConfigurationPlatforms) = postSolution
		{F5EEE922-8146-4744-B830-C983CC10211B}.Debug|Any CPU.ActiveCfg = Debug|Any CPU
		{F5EEE922-8146-4744-B830-C983CC10211B}.Debug|Any CPU.Build.0 = Debug|Any CPU
		{F5EEE922-8146-4744-B830-C983CC10211B}.Release|Any CPU.ActiveCfg = Release|Any CPU
		{F5EEE922-8146-4744-B830-C983CC10211B}.Release|Any CPU.Build.0 = Release|Any CPU
	EndGlobalSection
	GlobalSection(SolutionProperties) = preSolution
		HideSolutionNode = FALSE
	EndGlobalSection
	GlobalSection(ExtensibilityGlobals) = postSolution
		SolutionGuid = {DC2BAA54-030F-4D02-93AB-86B20F6180E8}
	EndGlobalSection
EndGlobal
